{
  "name": "lazyedge",
  "version": "1.0.0",
  "lockfileVersion": 3,
  "requires": true,
  "packages": {
    "": {
      "name": "lazyedge",
      "version": "1.0.0",
      "license": "ISC",
      "workspaces": [
        "apps/cli",
        "adapters",
        "runtimes",
        "types"
      ]
    },
    "adapters": {
      "version": "1.0.0",
      "license": "ISC"
    },
    "apps/cli": {
      "name": "@lazyedge/cli",
      "version": "1.0.2",
      "license": "ISC",
      "dependencies": {
        "@npmcli/package-json": "^3.0.0",
        "commander": "^9.5.0",
        "esbuild": "^0.16.16",
        "figlet": "^1.5.2",
        "jsonschema": "^1.4.1",
        "new-find-package-json": "^2.0.0",
        "yaml": "^2.2.1"
      },
      "bin": {
        "lazyedge": "dist/index.js"
      },
      "devDependencies": {
        "@types/figlet": "^1.5.5",
        "@types/node": "^18.11.18",
        "@types/npmcli__package-json": "^2.0.0",
        "faas-js-runtime": "^0.9.7",
        "typescript": "^4.9.4"
      }
    },
    "apps/cli/node_modules/@esbuild/android-arm": {
      "version": "0.16.16",
      "resolved": "https://registry.npmjs.org/@esbuild/android-arm/-/android-arm-0.16.16.tgz",
      "integrity": "sha512-BUuWMlt4WSXod1HSl7aGK8fJOsi+Tab/M0IDK1V1/GstzoOpqc/v3DqmN8MkuapPKQ9Br1WtLAN4uEgWR8x64A==",
      "cpu": [
        "arm"
      ],
      "optional": true,
      "os": [
        "android"
      ],
      "engines": {
        "node": ">=12"
      }
    },
    "apps/cli/node_modules/@esbuild/android-arm64": {
      "version": "0.16.16",
      "resolved": "https://registry.npmjs.org/@esbuild/android-arm64/-/android-arm64-0.16.16.tgz",
      "integrity": "sha512-hFHVAzUKp9Tf8psGq+bDVv+6hTy1bAOoV/jJMUWwhUnIHsh6WbFMhw0ZTkqDuh7TdpffFoHOiIOIxmHc7oYRBQ==",
      "cpu": [
        "arm64"
      ],
      "optional": true,
      "os": [
        "android"
      ],
      "engines": {
        "node": ">=12"
      }
    },
    "apps/cli/node_modules/@esbuild/android-x64": {
      "version": "0.16.16",
      "resolved": "https://registry.npmjs.org/@esbuild/android-x64/-/android-x64-0.16.16.tgz",
      "integrity": "sha512-9WhxJpeb6XumlfivldxqmkJepEcELekmSw3NkGrs+Edq6sS5KRxtUBQuKYDD7KqP59dDkxVbaoPIQFKWQG0KLg==",
      "cpu": [
        "x64"
      ],
      "optional": true,
      "os": [
        "android"
      ],
      "engines": {
        "node": ">=12"
      }
    },
    "apps/cli/node_modules/@esbuild/darwin-arm64": {
      "version": "0.16.16",
      "resolved": "https://registry.npmjs.org/@esbuild/darwin-arm64/-/darwin-arm64-0.16.16.tgz",
      "integrity": "sha512-8Z+wld+vr/prHPi2O0X7o1zQOfMbXWGAw9hT0jEyU/l/Yrg+0Z3FO9pjPho72dVkZs4ewZk0bDOFLdZHm8jEfw==",
      "cpu": [
        "arm64"
      ],
      "optional": true,
      "os": [
        "darwin"
      ],
      "engines": {
        "node": ">=12"
      }
    },
    "apps/cli/node_modules/@esbuild/darwin-x64": {
      "version": "0.16.16",
      "resolved": "https://registry.npmjs.org/@esbuild/darwin-x64/-/darwin-x64-0.16.16.tgz",
      "integrity": "sha512-CYkxVvkZzGCqFrt7EgjFxQKhlUPyDkuR9P0Y5wEcmJqVI8ncerOIY5Kej52MhZyzOBXkYrJgZeVZC9xXXoEg9A==",
      "cpu": [
        "x64"
      ],
      "optional": true,
      "os": [
        "darwin"
      ],
      "engines": {
        "node": ">=12"
      }
    },
    "apps/cli/node_modules/@esbuild/freebsd-arm64": {
      "version": "0.16.16",
      "resolved": "https://registry.npmjs.org/@esbuild/freebsd-arm64/-/freebsd-arm64-0.16.16.tgz",
      "integrity": "sha512-fxrw4BYqQ39z/3Ja9xj/a1gMsVq0xEjhSyI4a9MjfvDDD8fUV8IYliac96i7tzZc3+VytyXX+XNsnpEk5sw5Wg==",
      "cpu": [
        "arm64"
      ],
      "optional": true,
      "os": [
        "freebsd"
      ],
      "engines": {
        "node": ">=12"
      }
    },
    "apps/cli/node_modules/@esbuild/freebsd-x64": {
      "version": "0.16.16",
      "resolved": "https://registry.npmjs.org/@esbuild/freebsd-x64/-/freebsd-x64-0.16.16.tgz",
      "integrity": "sha512-8p3v1D+du2jiDvSoNVimHhj7leSfST9YlKsAEO7etBfuqjaBMndo0fmjNLp0JCMld+XIx9L80tooOkyUv1a1PQ==",
      "cpu": [
        "x64"
      ],
      "optional": true,
      "os": [
        "freebsd"
      ],
      "engines": {
        "node": ">=12"
      }
    },
    "apps/cli/node_modules/@esbuild/linux-arm": {
      "version": "0.16.16",
      "resolved": "https://registry.npmjs.org/@esbuild/linux-arm/-/linux-arm-0.16.16.tgz",
      "integrity": "sha512-bYaocE1/PTMRmkgSckZ0D0Xn2nox8v2qlk+MVVqm+VECNKDdZvghVZtH41dNtBbwADSvA6qkCHGYeWm9LrNCBw==",
      "cpu": [
        "arm"
      ],
      "optional": true,
      "os": [
        "linux"
      ],
      "engines": {
        "node": ">=12"
      }
    },
    "apps/cli/node_modules/@esbuild/linux-arm64": {
      "version": "0.16.16",
      "resolved": "https://registry.npmjs.org/@esbuild/linux-arm64/-/linux-arm64-0.16.16.tgz",
      "integrity": "sha512-N3u6BBbCVY3xeP2D8Db7QY8I+nZ+2AgOopUIqk+5yCoLnsWkcVxD2ay5E9iIdvApFi1Vg1lZiiwaVp8bOpAc4A==",
      "cpu": [
        "arm64"
      ],
      "optional": true,
      "os": [
        "linux"
      ],
      "engines": {
        "node": ">=12"
      }
    },
    "apps/cli/node_modules/@esbuild/linux-ia32": {
      "version": "0.16.16",
      "resolved": "https://registry.npmjs.org/@esbuild/linux-ia32/-/linux-ia32-0.16.16.tgz",
      "integrity": "sha512-dxjqLKUW8GqGemoRT9v8IgHk+T4tRm1rn1gUcArsp26W9EkK/27VSjBVUXhEG5NInHZ92JaQ3SSMdTwv/r9a2A==",
      "cpu": [
        "ia32"
      ],
      "optional": true,
      "os": [
        "linux"
      ],
      "engines": {
        "node": ">=12"
      }
    },
    "apps/cli/node_modules/@esbuild/linux-loong64": {
      "version": "0.16.16",
      "resolved": "https://registry.npmjs.org/@esbuild/linux-loong64/-/linux-loong64-0.16.16.tgz",
      "integrity": "sha512-MdUFggHjRiCCwNE9+1AibewoNq6wf94GLB9Q9aXwl+a75UlRmbRK3h6WJyrSGA6ZstDJgaD2wiTSP7tQNUYxwA==",
      "cpu": [
        "loong64"
      ],
      "optional": true,
      "os": [
        "linux"
      ],
      "engines": {
        "node": ">=12"
      }
    },
    "apps/cli/node_modules/@esbuild/linux-mips64el": {
      "version": "0.16.16",
      "resolved": "https://registry.npmjs.org/@esbuild/linux-mips64el/-/linux-mips64el-0.16.16.tgz",
      "integrity": "sha512-CO3YmO7jYMlGqGoeFeKzdwx/bx8Vtq/SZaMAi+ZLDUnDUdfC7GmGwXzIwDJ70Sg+P9pAemjJyJ1icKJ9R3q/Fg==",
      "cpu": [
        "mips64el"
      ],
      "optional": true,
      "os": [
        "linux"
      ],
      "engines": {
        "node": ">=12"
      }
    },
    "apps/cli/node_modules/@esbuild/linux-ppc64": {
      "version": "0.16.16",
      "resolved": "https://registry.npmjs.org/@esbuild/linux-ppc64/-/linux-ppc64-0.16.16.tgz",
      "integrity": "sha512-DSl5Czh5hCy/7azX0Wl9IdzPHX2H8clC6G87tBnZnzUpNgRxPFhfmArbaHoAysu4JfqCqbB/33u/GL9dUgCBAw==",
      "cpu": [
        "ppc64"
      ],
      "optional": true,
      "os": [
        "linux"
      ],
      "engines": {
        "node": ">=12"
      }
    },
    "apps/cli/node_modules/@esbuild/linux-riscv64": {
      "version": "0.16.16",
      "resolved": "https://registry.npmjs.org/@esbuild/linux-riscv64/-/linux-riscv64-0.16.16.tgz",
      "integrity": "sha512-sSVVMEXsqf1fQu0j7kkhXMViroixU5XoaJXl1u/u+jbXvvhhCt9YvA/B6VM3aM/77HuRQ94neS5bcisijGnKFQ==",
      "cpu": [
        "riscv64"
      ],
      "optional": true,
      "os": [
        "linux"
      ],
      "engines": {
        "node": ">=12"
      }
    },
    "apps/cli/node_modules/@esbuild/linux-s390x": {
      "version": "0.16.16",
      "resolved": "https://registry.npmjs.org/@esbuild/linux-s390x/-/linux-s390x-0.16.16.tgz",
      "integrity": "sha512-jRqBCre9gZGoCdCN/UWCCMwCMsOg65IpY9Pyj56mKCF5zXy9d60kkNRdDN6YXGjr3rzcC4DXnS/kQVCGcC4yPQ==",
      "cpu": [
        "s390x"
      ],
      "optional": true,
      "os": [
        "linux"
      ],
      "engines": {
        "node": ">=12"
      }
    },
    "apps/cli/node_modules/@esbuild/linux-x64": {
      "version": "0.16.16",
      "resolved": "https://registry.npmjs.org/@esbuild/linux-x64/-/linux-x64-0.16.16.tgz",
      "integrity": "sha512-G1+09TopOzo59/55lk5Q0UokghYLyHTKKzD5lXsAOOlGDbieGEFJpJBr3BLDbf7cz89KX04sBeExAR/pL/26sA==",
      "cpu": [
        "x64"
      ],
      "optional": true,
      "os": [
        "linux"
      ],
      "engines": {
        "node": ">=12"
      }
    },
    "apps/cli/node_modules/@esbuild/netbsd-x64": {
      "version": "0.16.16",
      "resolved": "https://registry.npmjs.org/@esbuild/netbsd-x64/-/netbsd-x64-0.16.16.tgz",
      "integrity": "sha512-xwjGJB5wwDEujLaJIrSMRqWkbigALpBNcsF9SqszoNKc+wY4kPTdKrSxiY5ik3IatojePP+WV108MvF6q6np4w==",
      "cpu": [
        "x64"
      ],
      "optional": true,
      "os": [
        "netbsd"
      ],
      "engines": {
        "node": ">=12"
      }
    },
    "apps/cli/node_modules/@esbuild/openbsd-x64": {
      "version": "0.16.16",
      "resolved": "https://registry.npmjs.org/@esbuild/openbsd-x64/-/openbsd-x64-0.16.16.tgz",
      "integrity": "sha512-yeERkoxG2nR2oxO5n+Ms7MsCeNk23zrby2GXCqnfCpPp7KNc0vxaaacIxb21wPMfXXRhGBrNP4YLIupUBrWdlg==",
      "cpu": [
        "x64"
      ],
      "optional": true,
      "os": [
        "openbsd"
      ],
      "engines": {
        "node": ">=12"
      }
    },
    "apps/cli/node_modules/@esbuild/sunos-x64": {
      "version": "0.16.16",
      "resolved": "https://registry.npmjs.org/@esbuild/sunos-x64/-/sunos-x64-0.16.16.tgz",
      "integrity": "sha512-nHfbEym0IObXPhtX6Va3H5GaKBty2kdhlAhKmyCj9u255ktAj0b1YACUs9j5H88NRn9cJCthD1Ik/k9wn8YKVg==",
      "cpu": [
        "x64"
      ],
      "optional": true,
      "os": [
        "sunos"
      ],
      "engines": {
        "node": ">=12"
      }
    },
    "apps/cli/node_modules/@esbuild/win32-arm64": {
      "version": "0.16.16",
      "resolved": "https://registry.npmjs.org/@esbuild/win32-arm64/-/win32-arm64-0.16.16.tgz",
      "integrity": "sha512-pdD+M1ZOFy4hE15ZyPX09fd5g4DqbbL1wXGY90YmleVS6Y5YlraW4BvHjim/X/4yuCpTsAFvsT4Nca2lbyDH/A==",
      "cpu": [
        "arm64"
      ],
      "optional": true,
      "os": [
        "win32"
      ],
      "engines": {
        "node": ">=12"
      }
    },
    "apps/cli/node_modules/@esbuild/win32-ia32": {
      "version": "0.16.16",
      "resolved": "https://registry.npmjs.org/@esbuild/win32-ia32/-/win32-ia32-0.16.16.tgz",
      "integrity": "sha512-IPEMfU9p0c3Vb8PqxaPX6BM9rYwlTZGYOf9u+kMdhoILZkVKEjq6PKZO0lB+isojWwAnAqh4ZxshD96njTXajg==",
      "cpu": [
        "ia32"
      ],
      "optional": true,
      "os": [
        "win32"
      ],
      "engines": {
        "node": ">=12"
      }
    },
    "apps/cli/node_modules/@esbuild/win32-x64": {
      "version": "0.16.16",
      "cpu": [
        "x64"
      ],
      "license": "MIT",
      "optional": true,
      "os": [
        "win32"
      ],
      "engines": {
        "node": ">=12"
      }
    },
    "apps/cli/node_modules/@fastify/ajv-compiler": {
      "version": "3.5.0",
      "dev": true,
      "license": "MIT",
      "dependencies": {
        "ajv": "^8.11.0",
        "ajv-formats": "^2.1.1",
        "fast-uri": "^2.0.0"
      }
    },
    "apps/cli/node_modules/@fastify/deepmerge": {
      "version": "1.3.0",
      "dev": true,
      "license": "MIT"
    },
    "apps/cli/node_modules/@fastify/error": {
      "version": "3.2.0",
      "dev": true,
      "license": "MIT"
    },
    "apps/cli/node_modules/@fastify/fast-json-stringify-compiler": {
      "version": "4.2.0",
      "dev": true,
      "license": "MIT",
      "dependencies": {
        "fast-json-stringify": "^5.0.0"
      }
    },
    "apps/cli/node_modules/@npmcli/package-json": {
      "version": "3.0.0",
      "license": "ISC",
      "dependencies": {
        "json-parse-even-better-errors": "^3.0.0"
      },
      "engines": {
        "node": "^14.17.0 || ^16.13.0 || >=18.0.0"
      }
    },
    "apps/cli/node_modules/@types/figlet": {
      "version": "1.5.5",
      "dev": true,
      "license": "MIT"
    },
    "apps/cli/node_modules/@types/npmcli__package-json": {
      "version": "2.0.0",
      "dev": true,
      "license": "MIT"
    },
    "apps/cli/node_modules/abort-controller": {
      "version": "3.0.0",
      "dev": true,
      "license": "MIT",
      "dependencies": {
        "event-target-shim": "^5.0.0"
      },
      "engines": {
        "node": ">=6.5"
      }
    },
    "apps/cli/node_modules/abstract-logging": {
      "version": "2.0.1",
      "dev": true,
      "license": "MIT"
    },
    "apps/cli/node_modules/ajv": {
      "version": "8.12.0",
      "dev": true,
      "license": "MIT",
      "dependencies": {
        "fast-deep-equal": "^3.1.1",
        "json-schema-traverse": "^1.0.0",
        "require-from-string": "^2.0.2",
        "uri-js": "^4.2.2"
      },
      "funding": {
        "type": "github",
        "url": "https://github.com/sponsors/epoberezkin"
      }
    },
    "apps/cli/node_modules/ajv-formats": {
      "version": "2.1.1",
      "dev": true,
      "license": "MIT",
      "dependencies": {
        "ajv": "^8.0.0"
      },
      "peerDependencies": {
        "ajv": "^8.0.0"
      },
      "peerDependenciesMeta": {
        "ajv": {
          "optional": true
        }
      }
    },
    "apps/cli/node_modules/archy": {
      "version": "1.0.0",
      "dev": true,
      "license": "MIT"
    },
    "apps/cli/node_modules/argparse": {
      "version": "2.0.1",
      "dev": true,
      "license": "Python-2.0"
    },
    "apps/cli/node_modules/atomic-sleep": {
      "version": "1.0.0",
      "dev": true,
      "license": "MIT",
      "engines": {
        "node": ">=8.0.0"
      }
    },
    "apps/cli/node_modules/available-typed-arrays": {
      "version": "1.0.5",
      "dev": true,
      "license": "MIT",
      "engines": {
        "node": ">= 0.4"
      },
      "funding": {
        "url": "https://github.com/sponsors/ljharb"
      }
    },
    "apps/cli/node_modules/avvio": {
      "version": "8.2.0",
      "dev": true,
      "license": "MIT",
      "dependencies": {
        "archy": "^1.0.0",
        "debug": "^4.0.0",
        "fastq": "^1.6.1"
      }
    },
    "apps/cli/node_modules/base64-js": {
      "version": "1.5.1",
      "dev": true,
      "funding": [
        {
          "type": "github",
          "url": "https://github.com/sponsors/feross"
        },
        {
          "type": "patreon",
          "url": "https://www.patreon.com/feross"
        },
        {
          "type": "consulting",
          "url": "https://feross.org/support"
        }
      ],
      "license": "MIT"
    },
    "apps/cli/node_modules/bintrees": {
      "version": "1.0.2",
      "dev": true,
      "license": "MIT"
    },
    "apps/cli/node_modules/buffer": {
      "version": "6.0.3",
      "dev": true,
      "funding": [
        {
          "type": "github",
          "url": "https://github.com/sponsors/feross"
        },
        {
          "type": "patreon",
          "url": "https://www.patreon.com/feross"
        },
        {
          "type": "consulting",
          "url": "https://feross.org/support"
        }
      ],
      "license": "MIT",
      "dependencies": {
        "base64-js": "^1.3.1",
        "ieee754": "^1.2.1"
      }
    },
    "apps/cli/node_modules/call-bind": {
      "version": "1.0.2",
      "dev": true,
      "license": "MIT",
      "dependencies": {
        "function-bind": "^1.1.1",
        "get-intrinsic": "^1.0.2"
      },
      "funding": {
        "url": "https://github.com/sponsors/ljharb"
      }
    },
    "apps/cli/node_modules/cloudevents": {
      "version": "6.0.3",
      "dev": true,
      "license": "Apache-2.0",
      "dependencies": {
        "ajv": "^8.11.0",
        "ajv-formats": "^2.1.1",
        "util": "^0.12.4",
        "uuid": "^8.3.2"
      }
    },
    "apps/cli/node_modules/commander": {
      "version": "9.5.0",
      "license": "MIT",
      "engines": {
        "node": "^12.20.0 || >=14"
      }
    },
    "apps/cli/node_modules/content-type": {
      "version": "1.0.4",
      "dev": true,
      "license": "MIT",
      "engines": {
        "node": ">= 0.6"
      }
    },
    "apps/cli/node_modules/cookie": {
      "version": "0.5.0",
      "dev": true,
      "license": "MIT",
      "engines": {
        "node": ">= 0.6"
      }
    },
    "apps/cli/node_modules/death": {
      "version": "1.1.0",
      "dev": true
    },
    "apps/cli/node_modules/debug": {
      "version": "4.3.4",
      "license": "MIT",
      "dependencies": {
        "ms": "2.1.2"
      },
      "engines": {
        "node": ">=6.0"
      },
      "peerDependenciesMeta": {
        "supports-color": {
          "optional": true
        }
      }
    },
    "apps/cli/node_modules/esbuild": {
      "version": "0.16.16",
      "hasInstallScript": true,
      "license": "MIT",
      "bin": {
        "esbuild": "bin/esbuild"
      },
      "engines": {
        "node": ">=12"
      },
      "optionalDependencies": {
        "@esbuild/android-arm": "0.16.16",
        "@esbuild/android-arm64": "0.16.16",
        "@esbuild/android-x64": "0.16.16",
        "@esbuild/darwin-arm64": "0.16.16",
        "@esbuild/darwin-x64": "0.16.16",
        "@esbuild/freebsd-arm64": "0.16.16",
        "@esbuild/freebsd-x64": "0.16.16",
        "@esbuild/linux-arm": "0.16.16",
        "@esbuild/linux-arm64": "0.16.16",
        "@esbuild/linux-ia32": "0.16.16",
        "@esbuild/linux-loong64": "0.16.16",
        "@esbuild/linux-mips64el": "0.16.16",
        "@esbuild/linux-ppc64": "0.16.16",
        "@esbuild/linux-riscv64": "0.16.16",
        "@esbuild/linux-s390x": "0.16.16",
        "@esbuild/linux-x64": "0.16.16",
        "@esbuild/netbsd-x64": "0.16.16",
        "@esbuild/openbsd-x64": "0.16.16",
        "@esbuild/sunos-x64": "0.16.16",
        "@esbuild/win32-arm64": "0.16.16",
        "@esbuild/win32-ia32": "0.16.16",
        "@esbuild/win32-x64": "0.16.16"
      }
    },
    "apps/cli/node_modules/event-target-shim": {
      "version": "5.0.1",
      "dev": true,
      "license": "MIT",
      "engines": {
        "node": ">=6"
      }
    },
    "apps/cli/node_modules/events": {
      "version": "3.3.0",
      "dev": true,
      "license": "MIT",
      "engines": {
        "node": ">=0.8.x"
      }
    },
    "apps/cli/node_modules/faas-js-runtime": {
      "version": "0.9.7",
      "dev": true,
      "license": "Apache-2.0",
      "dependencies": {
        "cloudevents": "^6.0.3",
        "commander": "^9.4.0",
        "death": "^1.1.0",
        "fastify": "^4.9.2",
        "js-yaml": "^4.1.0",
        "node-os-utils": "^1.3.5",
        "overload-protection": "^1.2.3",
        "prom-client": "^14.1.0",
        "qs": "^6.11.0"
      },
      "bin": {
        "faas-js-runtime": "bin/cli.js"
      },
      "engines": {
        "node": "^18 || ^16 || ^14"
      }
    },
    "apps/cli/node_modules/fast-decode-uri-component": {
      "version": "1.0.1",
      "dev": true,
      "license": "MIT"
    },
    "apps/cli/node_modules/fast-deep-equal": {
      "version": "3.1.3",
      "dev": true,
      "license": "MIT"
    },
    "apps/cli/node_modules/fast-json-stringify": {
      "version": "5.5.0",
      "dev": true,
      "license": "MIT",
      "dependencies": {
        "@fastify/deepmerge": "^1.0.0",
        "ajv": "^8.10.0",
        "ajv-formats": "^2.1.1",
        "fast-deep-equal": "^3.1.3",
        "fast-uri": "^2.1.0",
        "rfdc": "^1.2.0"
      }
    },
    "apps/cli/node_modules/fast-querystring": {
      "version": "1.1.0",
      "dev": true,
      "license": "MIT",
      "dependencies": {
        "fast-decode-uri-component": "^1.0.1"
      }
    },
    "apps/cli/node_modules/fast-redact": {
      "version": "3.1.2",
      "dev": true,
      "license": "MIT",
      "engines": {
        "node": ">=6"
      }
    },
    "apps/cli/node_modules/fast-uri": {
      "version": "2.2.0",
      "dev": true,
      "license": "MIT"
    },
    "apps/cli/node_modules/fastify": {
      "version": "4.11.0",
      "dev": true,
      "license": "MIT",
      "dependencies": {
        "@fastify/ajv-compiler": "^3.3.1",
        "@fastify/error": "^3.0.0",
        "@fastify/fast-json-stringify-compiler": "^4.1.0",
        "abstract-logging": "^2.0.1",
        "avvio": "^8.2.0",
        "content-type": "^1.0.4",
        "find-my-way": "^7.3.0",
        "light-my-request": "^5.6.1",
        "pino": "^8.5.0",
        "process-warning": "^2.0.0",
        "proxy-addr": "^2.0.7",
        "rfdc": "^1.3.0",
        "secure-json-parse": "^2.5.0",
        "semver": "^7.3.7",
        "tiny-lru": "^10.0.0"
      }
    },
    "apps/cli/node_modules/fastq": {
      "version": "1.15.0",
      "dev": true,
      "license": "ISC",
      "dependencies": {
        "reusify": "^1.0.4"
      }
    },
    "apps/cli/node_modules/figlet": {
      "version": "1.5.2",
      "license": "MIT",
      "engines": {
        "node": ">= 0.4.0"
      }
    },
    "apps/cli/node_modules/find-my-way": {
      "version": "7.4.0",
      "dev": true,
      "license": "MIT",
      "dependencies": {
        "fast-deep-equal": "^3.1.3",
        "fast-querystring": "^1.0.0",
        "safe-regex2": "^2.0.0"
      },
      "engines": {
        "node": ">=14"
      }
    },
    "apps/cli/node_modules/for-each": {
      "version": "0.3.3",
      "dev": true,
      "license": "MIT",
      "dependencies": {
        "is-callable": "^1.1.3"
      }
    },
    "apps/cli/node_modules/forwarded": {
      "version": "0.2.0",
      "dev": true,
      "license": "MIT",
      "engines": {
        "node": ">= 0.6"
      }
    },
    "apps/cli/node_modules/function-bind": {
      "version": "1.1.1",
      "dev": true,
      "license": "MIT"
    },
    "apps/cli/node_modules/get-intrinsic": {
      "version": "1.1.3",
      "dev": true,
      "license": "MIT",
      "dependencies": {
        "function-bind": "^1.1.1",
        "has": "^1.0.3",
        "has-symbols": "^1.0.3"
      },
      "funding": {
        "url": "https://github.com/sponsors/ljharb"
      }
    },
    "apps/cli/node_modules/gopd": {
      "version": "1.0.1",
      "dev": true,
      "license": "MIT",
      "dependencies": {
        "get-intrinsic": "^1.1.3"
      },
      "funding": {
        "url": "https://github.com/sponsors/ljharb"
      }
    },
    "apps/cli/node_modules/has": {
      "version": "1.0.3",
      "dev": true,
      "license": "MIT",
      "dependencies": {
        "function-bind": "^1.1.1"
      },
      "engines": {
        "node": ">= 0.4.0"
      }
    },
    "apps/cli/node_modules/has-symbols": {
      "version": "1.0.3",
      "dev": true,
      "license": "MIT",
      "engines": {
        "node": ">= 0.4"
      },
      "funding": {
        "url": "https://github.com/sponsors/ljharb"
      }
    },
    "apps/cli/node_modules/has-tostringtag": {
      "version": "1.0.0",
      "dev": true,
      "license": "MIT",
      "dependencies": {
        "has-symbols": "^1.0.2"
      },
      "engines": {
        "node": ">= 0.4"
      },
      "funding": {
        "url": "https://github.com/sponsors/ljharb"
      }
    },
    "apps/cli/node_modules/ieee754": {
      "version": "1.2.1",
      "dev": true,
      "funding": [
        {
          "type": "github",
          "url": "https://github.com/sponsors/feross"
        },
        {
          "type": "patreon",
          "url": "https://www.patreon.com/feross"
        },
        {
          "type": "consulting",
          "url": "https://feross.org/support"
        }
      ],
      "license": "BSD-3-Clause"
    },
    "apps/cli/node_modules/inherits": {
      "version": "2.0.4",
      "dev": true,
      "license": "ISC"
    },
    "apps/cli/node_modules/ipaddr.js": {
      "version": "1.9.1",
      "dev": true,
      "license": "MIT",
      "engines": {
        "node": ">= 0.10"
      }
    },
    "apps/cli/node_modules/is-arguments": {
      "version": "1.1.1",
      "dev": true,
      "license": "MIT",
      "dependencies": {
        "call-bind": "^1.0.2",
        "has-tostringtag": "^1.0.0"
      },
      "engines": {
        "node": ">= 0.4"
      },
      "funding": {
        "url": "https://github.com/sponsors/ljharb"
      }
    },
    "apps/cli/node_modules/is-callable": {
      "version": "1.2.7",
      "dev": true,
      "license": "MIT",
      "engines": {
        "node": ">= 0.4"
      },
      "funding": {
        "url": "https://github.com/sponsors/ljharb"
      }
    },
    "apps/cli/node_modules/is-generator-function": {
      "version": "1.0.10",
      "dev": true,
      "license": "MIT",
      "dependencies": {
        "has-tostringtag": "^1.0.0"
      },
      "engines": {
        "node": ">= 0.4"
      },
      "funding": {
        "url": "https://github.com/sponsors/ljharb"
      }
    },
    "apps/cli/node_modules/is-typed-array": {
      "version": "1.1.10",
      "dev": true,
      "license": "MIT",
      "dependencies": {
        "available-typed-arrays": "^1.0.5",
        "call-bind": "^1.0.2",
        "for-each": "^0.3.3",
        "gopd": "^1.0.1",
        "has-tostringtag": "^1.0.0"
      },
      "engines": {
        "node": ">= 0.4"
      },
      "funding": {
        "url": "https://github.com/sponsors/ljharb"
      }
    },
    "apps/cli/node_modules/js-yaml": {
      "version": "4.1.0",
      "dev": true,
      "license": "MIT",
      "dependencies": {
        "argparse": "^2.0.1"
      },
      "bin": {
        "js-yaml": "bin/js-yaml.js"
      }
    },
    "apps/cli/node_modules/json-parse-even-better-errors": {
      "version": "3.0.0",
      "license": "MIT",
      "engines": {
        "node": "^14.17.0 || ^16.13.0 || >=18.0.0"
      }
    },
    "apps/cli/node_modules/json-schema-traverse": {
      "version": "1.0.0",
      "dev": true,
      "license": "MIT"
    },
    "apps/cli/node_modules/jsonschema": {
      "version": "1.4.1",
      "license": "MIT",
      "engines": {
        "node": "*"
      }
    },
    "apps/cli/node_modules/light-my-request": {
      "version": "5.8.0",
      "dev": true,
      "license": "BSD-3-Clause",
      "dependencies": {
        "cookie": "^0.5.0",
        "process-warning": "^2.0.0",
        "set-cookie-parser": "^2.4.1"
      }
    },
    "apps/cli/node_modules/loopbench": {
      "version": "1.2.0",
      "dev": true,
      "license": "MIT",
      "dependencies": {
        "xtend": "^4.0.1"
      }
    },
    "apps/cli/node_modules/lru-cache": {
      "version": "6.0.0",
      "dev": true,
      "license": "ISC",
      "dependencies": {
        "yallist": "^4.0.0"
      },
      "engines": {
        "node": ">=10"
      }
    },
    "apps/cli/node_modules/ms": {
      "version": "2.1.2",
      "license": "MIT"
    },
    "apps/cli/node_modules/new-find-package-json": {
      "version": "2.0.0",
      "license": "MIT",
      "dependencies": {
        "debug": "^4.3.4"
      },
      "engines": {
        "node": ">=12.22.0"
      }
    },
    "apps/cli/node_modules/node-os-utils": {
      "version": "1.3.7",
      "dev": true,
      "license": "MIT"
    },
    "apps/cli/node_modules/object-inspect": {
      "version": "1.12.2",
      "dev": true,
      "license": "MIT",
      "funding": {
        "url": "https://github.com/sponsors/ljharb"
      }
    },
    "apps/cli/node_modules/on-exit-leak-free": {
      "version": "2.1.0",
      "dev": true,
      "license": "MIT"
    },
    "apps/cli/node_modules/overload-protection": {
      "version": "1.2.3",
      "dev": true,
      "license": "MIT",
      "dependencies": {
        "loopbench": "^1.2.0"
      }
    },
    "apps/cli/node_modules/pino": {
      "version": "8.8.0",
      "dev": true,
      "license": "MIT",
      "dependencies": {
        "atomic-sleep": "^1.0.0",
        "fast-redact": "^3.1.1",
        "on-exit-leak-free": "^2.1.0",
        "pino-abstract-transport": "v1.0.0",
        "pino-std-serializers": "^6.0.0",
        "process-warning": "^2.0.0",
        "quick-format-unescaped": "^4.0.3",
        "real-require": "^0.2.0",
        "safe-stable-stringify": "^2.3.1",
        "sonic-boom": "^3.1.0",
        "thread-stream": "^2.0.0"
      },
      "bin": {
        "pino": "bin.js"
      }
    },
    "apps/cli/node_modules/pino-abstract-transport": {
      "version": "1.0.0",
      "dev": true,
      "license": "MIT",
      "dependencies": {
        "readable-stream": "^4.0.0",
        "split2": "^4.0.0"
      }
    },
    "apps/cli/node_modules/pino-std-serializers": {
      "version": "6.1.0",
      "dev": true,
      "license": "MIT"
    },
    "apps/cli/node_modules/process": {
      "version": "0.11.10",
      "dev": true,
      "license": "MIT",
      "engines": {
        "node": ">= 0.6.0"
      }
    },
    "apps/cli/node_modules/process-warning": {
      "version": "2.1.0",
      "dev": true,
      "license": "MIT"
    },
    "apps/cli/node_modules/prom-client": {
      "version": "14.1.1",
      "dev": true,
      "license": "Apache-2.0",
      "dependencies": {
        "tdigest": "^0.1.1"
      },
      "engines": {
        "node": ">=10"
      }
    },
    "apps/cli/node_modules/proxy-addr": {
      "version": "2.0.7",
      "dev": true,
      "license": "MIT",
      "dependencies": {
        "forwarded": "0.2.0",
        "ipaddr.js": "1.9.1"
      },
      "engines": {
        "node": ">= 0.10"
      }
    },
    "apps/cli/node_modules/punycode": {
      "version": "2.2.0",
      "dev": true,
      "license": "MIT",
      "engines": {
        "node": ">=6"
      }
    },
    "apps/cli/node_modules/qs": {
      "version": "6.11.0",
      "dev": true,
      "license": "BSD-3-Clause",
      "dependencies": {
        "side-channel": "^1.0.4"
      },
      "engines": {
        "node": ">=0.6"
      },
      "funding": {
        "url": "https://github.com/sponsors/ljharb"
      }
    },
    "apps/cli/node_modules/quick-format-unescaped": {
      "version": "4.0.4",
      "dev": true,
      "license": "MIT"
    },
    "apps/cli/node_modules/readable-stream": {
      "version": "4.3.0",
      "dev": true,
      "license": "MIT",
      "dependencies": {
        "abort-controller": "^3.0.0",
        "buffer": "^6.0.3",
        "events": "^3.3.0",
        "process": "^0.11.10"
      },
      "engines": {
        "node": "^12.22.0 || ^14.17.0 || >=16.0.0"
      }
    },
    "apps/cli/node_modules/real-require": {
      "version": "0.2.0",
      "dev": true,
      "license": "MIT",
      "engines": {
        "node": ">= 12.13.0"
      }
    },
    "apps/cli/node_modules/require-from-string": {
      "version": "2.0.2",
      "dev": true,
      "license": "MIT",
      "engines": {
        "node": ">=0.10.0"
      }
    },
    "apps/cli/node_modules/ret": {
      "version": "0.2.2",
      "dev": true,
      "license": "MIT",
      "engines": {
        "node": ">=4"
      }
    },
    "apps/cli/node_modules/reusify": {
      "version": "1.0.4",
      "dev": true,
      "license": "MIT",
      "engines": {
        "iojs": ">=1.0.0",
        "node": ">=0.10.0"
      }
    },
    "apps/cli/node_modules/rfdc": {
      "version": "1.3.0",
      "dev": true,
      "license": "MIT"
    },
    "apps/cli/node_modules/safe-regex2": {
      "version": "2.0.0",
      "dev": true,
      "license": "MIT",
      "dependencies": {
        "ret": "~0.2.0"
      }
    },
    "apps/cli/node_modules/safe-stable-stringify": {
      "version": "2.4.2",
      "dev": true,
      "license": "MIT",
      "engines": {
        "node": ">=10"
      }
    },
    "apps/cli/node_modules/secure-json-parse": {
      "version": "2.7.0",
      "dev": true,
      "license": "BSD-3-Clause"
    },
    "apps/cli/node_modules/semver": {
      "version": "7.3.8",
      "dev": true,
      "license": "ISC",
      "dependencies": {
        "lru-cache": "^6.0.0"
      },
      "bin": {
        "semver": "bin/semver.js"
      },
      "engines": {
        "node": ">=10"
      }
    },
    "apps/cli/node_modules/set-cookie-parser": {
      "version": "2.5.1",
      "dev": true,
      "license": "MIT"
    },
    "apps/cli/node_modules/side-channel": {
      "version": "1.0.4",
      "dev": true,
      "license": "MIT",
      "dependencies": {
        "call-bind": "^1.0.0",
        "get-intrinsic": "^1.0.2",
        "object-inspect": "^1.9.0"
      },
      "funding": {
        "url": "https://github.com/sponsors/ljharb"
      }
    },
    "apps/cli/node_modules/sonic-boom": {
      "version": "3.2.1",
      "dev": true,
      "license": "MIT",
      "dependencies": {
        "atomic-sleep": "^1.0.0"
      }
    },
    "apps/cli/node_modules/split2": {
      "version": "4.1.0",
      "dev": true,
      "license": "ISC",
      "engines": {
        "node": ">= 10.x"
      }
    },
    "apps/cli/node_modules/tdigest": {
      "version": "0.1.2",
      "dev": true,
      "license": "MIT",
      "dependencies": {
        "bintrees": "1.0.2"
      }
    },
    "apps/cli/node_modules/thread-stream": {
      "version": "2.2.0",
      "dev": true,
      "license": "MIT",
      "dependencies": {
        "real-require": "^0.2.0"
      }
    },
    "apps/cli/node_modules/tiny-lru": {
      "version": "10.0.1",
      "dev": true,
      "license": "BSD-3-Clause",
      "engines": {
        "node": ">=6"
      }
    },
    "apps/cli/node_modules/uri-js": {
      "version": "4.4.1",
      "dev": true,
      "license": "BSD-2-Clause",
      "dependencies": {
        "punycode": "^2.1.0"
      }
    },
    "apps/cli/node_modules/util": {
      "version": "0.12.5",
      "dev": true,
      "license": "MIT",
      "dependencies": {
        "inherits": "^2.0.3",
        "is-arguments": "^1.0.4",
        "is-generator-function": "^1.0.7",
        "is-typed-array": "^1.1.3",
        "which-typed-array": "^1.1.2"
      }
    },
    "apps/cli/node_modules/uuid": {
      "version": "8.3.2",
      "dev": true,
      "license": "MIT",
      "bin": {
        "uuid": "dist/bin/uuid"
      }
    },
    "apps/cli/node_modules/which-typed-array": {
      "version": "1.1.9",
      "dev": true,
      "license": "MIT",
      "dependencies": {
        "available-typed-arrays": "^1.0.5",
        "call-bind": "^1.0.2",
        "for-each": "^0.3.3",
        "gopd": "^1.0.1",
        "has-tostringtag": "^1.0.0",
        "is-typed-array": "^1.1.10"
      },
      "engines": {
        "node": ">= 0.4"
      },
      "funding": {
        "url": "https://github.com/sponsors/ljharb"
      }
    },
    "apps/cli/node_modules/xtend": {
      "version": "4.0.2",
      "dev": true,
      "license": "MIT",
      "engines": {
        "node": ">=0.4"
      }
    },
    "apps/cli/node_modules/yallist": {
      "version": "4.0.0",
      "dev": true,
      "license": "ISC"
    },
    "apps/cli/node_modules/yaml": {
      "version": "2.2.1",
      "license": "ISC",
      "engines": {
        "node": ">= 14"
      }
    },
    "languages/typescript": {
      "version": "1.0.0",
      "extraneous": true,
      "license": "ISC"
    },
    "node_modules/@esbuild/android-arm": {
      "version": "0.17.2",
      "resolved": "https://registry.npmjs.org/@esbuild/android-arm/-/android-arm-0.17.2.tgz",
      "integrity": "sha512-Art7v3xYfqH1gEMUSP0Nx67pNAlC/Y3qSg3mOw8Wg7MP9bJLXL0DrmJaV1Qz1o4FwagtvDgkVOeBDpZgxdj13Q==",
      "cpu": [
        "arm"
      ],
      "optional": true,
      "os": [
        "android"
      ],
      "engines": {
        "node": ">=12"
      }
    },
    "node_modules/@esbuild/android-arm64": {
      "version": "0.17.2",
      "resolved": "https://registry.npmjs.org/@esbuild/android-arm64/-/android-arm64-0.17.2.tgz",
      "integrity": "sha512-QSkmYISXr2uFoR+NdmmKyR5svYb0cXDCfzwNblLsrC8wTpx/I1L7u/zrjrf4aLoHoRTycZFIewJwBiUrO5DWtQ==",
      "cpu": [
        "arm64"
      ],
      "optional": true,
      "os": [
        "android"
      ],
      "engines": {
        "node": ">=12"
      }
    },
    "node_modules/@esbuild/android-x64": {
      "version": "0.17.2",
      "resolved": "https://registry.npmjs.org/@esbuild/android-x64/-/android-x64-0.17.2.tgz",
      "integrity": "sha512-5VOaFBI0RK8jJVDHdeU1YJmpxXoOf1RPoiOBhk/Tvpulw7R1SwCsxHvC3eDQcoF0gV7YM4V2wJO0PR9tem6gCQ==",
      "cpu": [
        "x64"
      ],
      "optional": true,
      "os": [
        "android"
      ],
      "engines": {
        "node": ">=12"
      }
    },
    "node_modules/@esbuild/darwin-arm64": {
      "version": "0.17.2",
      "resolved": "https://registry.npmjs.org/@esbuild/darwin-arm64/-/darwin-arm64-0.17.2.tgz",
      "integrity": "sha512-iQJu1Zn1Wi91D5x/sslEn/jwae1tgSAEHK0R/kYzIr5jO992IJwDDuWhSGll23jHt18RECxahhGG0BWY/bVUTw==",
      "cpu": [
        "arm64"
      ],
      "optional": true,
      "os": [
        "darwin"
      ],
      "engines": {
        "node": ">=12"
      }
    },
    "node_modules/@esbuild/darwin-x64": {
      "version": "0.17.2",
      "resolved": "https://registry.npmjs.org/@esbuild/darwin-x64/-/darwin-x64-0.17.2.tgz",
      "integrity": "sha512-j750nyrwoRZd3VnPo5sd12/5U27TxFGmvmoDv93G2jiaGJPYKJ/+5IfRAvHahGePTUIRPyOlE5YLFw9MlzuBnw==",
      "cpu": [
        "x64"
      ],
      "optional": true,
      "os": [
        "darwin"
      ],
      "engines": {
        "node": ">=12"
      }
    },
    "node_modules/@esbuild/freebsd-arm64": {
      "version": "0.17.2",
      "resolved": "https://registry.npmjs.org/@esbuild/freebsd-arm64/-/freebsd-arm64-0.17.2.tgz",
      "integrity": "sha512-ti7GU+/KUQQXEPmSUep7efZpA3KR2SkKsVuSL2FE7Yxka9apuqKfymAgQmVPMxstzAgCRBIu8uEu0KFmTfs3/Q==",
      "cpu": [
        "arm64"
      ],
      "optional": true,
      "os": [
        "freebsd"
      ],
      "engines": {
        "node": ">=12"
      }
    },
    "node_modules/@esbuild/freebsd-x64": {
      "version": "0.17.2",
      "resolved": "https://registry.npmjs.org/@esbuild/freebsd-x64/-/freebsd-x64-0.17.2.tgz",
      "integrity": "sha512-NgooSKWSnrNKRuiumY1dg7KAGpsyXIMcwyOXN9imnqe8VFjqqrEOMqZRik0C1wlfLjiSCuMsj+YUSmBMAJMt0A==",
      "cpu": [
        "x64"
      ],
      "optional": true,
      "os": [
        "freebsd"
      ],
      "engines": {
        "node": ">=12"
      }
    },
    "node_modules/@esbuild/linux-arm": {
      "version": "0.17.2",
      "resolved": "https://registry.npmjs.org/@esbuild/linux-arm/-/linux-arm-0.17.2.tgz",
      "integrity": "sha512-8dfrRTd39n+THdAetwQKNwK6zBPR5oPjMtgRNXvRq8gsn/J5o69zTaOWVi3QO09BljqdShxU2dxDA09lDhdIqQ==",
      "cpu": [
        "arm"
      ],
      "optional": true,
      "os": [
        "linux"
      ],
      "engines": {
        "node": ">=12"
      }
    },
    "node_modules/@esbuild/linux-arm64": {
      "version": "0.17.2",
      "resolved": "https://registry.npmjs.org/@esbuild/linux-arm64/-/linux-arm64-0.17.2.tgz",
      "integrity": "sha512-jcJ4cxwQyqEqgDwkqj7820nKx9cM5WBPCCU4oUXvTeG+DkkJE6/P75od0VPHmItFfEJu+/2vV85ebvFVomZcBg==",
      "cpu": [
        "arm64"
      ],
      "optional": true,
      "os": [
        "linux"
      ],
      "engines": {
        "node": ">=12"
      }
    },
    "node_modules/@esbuild/linux-ia32": {
      "version": "0.17.2",
      "resolved": "https://registry.npmjs.org/@esbuild/linux-ia32/-/linux-ia32-0.17.2.tgz",
      "integrity": "sha512-dXZ3m++zaRVD2fqOUPP8QTh1Lfg6WO6uZDo/QJ3KdfnIR7dDToDtaA12AgKYvCed9Nuzf/gpKs/7/f6I02b/sg==",
      "cpu": [
        "ia32"
      ],
      "optional": true,
      "os": [
        "linux"
      ],
      "engines": {
        "node": ">=12"
      }
    },
    "node_modules/@esbuild/linux-loong64": {
      "version": "0.17.2",
      "resolved": "https://registry.npmjs.org/@esbuild/linux-loong64/-/linux-loong64-0.17.2.tgz",
      "integrity": "sha512-/vntXkzSe9TUp0Rh35Wgye1EOhDtmIMjwC4rtahHcALmDXL+iuQGvwGFvXrP+sBigia/ltLryMAvCiqGV6plqw==",
      "cpu": [
        "loong64"
      ],
      "optional": true,
      "os": [
        "linux"
      ],
      "engines": {
        "node": ">=12"
      }
    },
    "node_modules/@esbuild/linux-mips64el": {
      "version": "0.17.2",
      "resolved": "https://registry.npmjs.org/@esbuild/linux-mips64el/-/linux-mips64el-0.17.2.tgz",
      "integrity": "sha512-guYcNHjMRO1BMxWAeb8LDfgQaU8oeUO65xtlclwBD+hX3163KBifEHyao1hK96J10BP9n0UmZug6GhtGZaNm2Q==",
      "cpu": [
        "mips64el"
      ],
      "optional": true,
      "os": [
        "linux"
      ],
      "engines": {
        "node": ">=12"
      }
    },
    "node_modules/@esbuild/linux-ppc64": {
      "version": "0.17.2",
      "resolved": "https://registry.npmjs.org/@esbuild/linux-ppc64/-/linux-ppc64-0.17.2.tgz",
      "integrity": "sha512-fzHTnIGIVqgUGZcFnnisguKD4UneF4uwWwkG+i8kBspMDdU1wJ0jha1VdtxWP7Ob1KGxuXcoUlrQkCVO+Z5iOw==",
      "cpu": [
        "ppc64"
      ],
      "optional": true,
      "os": [
        "linux"
      ],
      "engines": {
        "node": ">=12"
      }
    },
    "node_modules/@esbuild/linux-riscv64": {
      "version": "0.17.2",
      "resolved": "https://registry.npmjs.org/@esbuild/linux-riscv64/-/linux-riscv64-0.17.2.tgz",
      "integrity": "sha512-Sa+z7csvNVeAsTD83tVSggOb8CAU7EdDuihC8WhtoJfuDVkF5+Vi0imaiCjXQ7Ci5rz/a8IJ1H1MWX3eI9AmuQ==",
      "cpu": [
        "riscv64"
      ],
      "optional": true,
      "os": [
        "linux"
      ],
      "engines": {
        "node": ">=12"
      }
    },
    "node_modules/@esbuild/linux-s390x": {
      "version": "0.17.2",
      "resolved": "https://registry.npmjs.org/@esbuild/linux-s390x/-/linux-s390x-0.17.2.tgz",
      "integrity": "sha512-jUFCO+/VA1Y/oeauSNBubp2UtGu4xjBUEFVgMPm0qLuw6xw18yOagKwBOPVmyE3ZSFqGd9BAPZM/JrtadgBryA==",
      "cpu": [
        "s390x"
      ],
      "optional": true,
      "os": [
        "linux"
      ],
      "engines": {
        "node": ">=12"
      }
    },
    "node_modules/@esbuild/linux-x64": {
      "version": "0.17.2",
      "resolved": "https://registry.npmjs.org/@esbuild/linux-x64/-/linux-x64-0.17.2.tgz",
      "integrity": "sha512-naygxkSmr6x9tuvpa8iGefnXo3Rc3Noz7c4+Dn0MSfSWJwLaN2YR686e7HkI09irfjDdU5UAq9wcxUwjkYQNUA==",
      "cpu": [
        "x64"
      ],
      "optional": true,
      "os": [
        "linux"
      ],
      "engines": {
        "node": ">=12"
      }
    },
    "node_modules/@esbuild/netbsd-x64": {
      "version": "0.17.2",
      "resolved": "https://registry.npmjs.org/@esbuild/netbsd-x64/-/netbsd-x64-0.17.2.tgz",
      "integrity": "sha512-Hagbdq4EpiG9XXJY6Ozfrl2RN5jkXZXd6BD39f43tWz0d8yyOrRZlofM1eA6JYQbdv6c8BUsUOcgopavIqwx4Q==",
      "cpu": [
        "x64"
      ],
      "optional": true,
      "os": [
        "netbsd"
      ],
      "engines": {
        "node": ">=12"
      }
    },
    "node_modules/@esbuild/openbsd-x64": {
      "version": "0.17.2",
      "resolved": "https://registry.npmjs.org/@esbuild/openbsd-x64/-/openbsd-x64-0.17.2.tgz",
      "integrity": "sha512-Pkby+VEXY7+aWP8J2RUCfqWbbZz2M1GavRGGnE2kEPzwarba/BOk3B45PSaKwc3iKdK2rgCPCTjC/p9JoKNejA==",
      "cpu": [
        "x64"
      ],
      "optional": true,
      "os": [
        "openbsd"
      ],
      "engines": {
        "node": ">=12"
      }
    },
    "node_modules/@esbuild/sunos-x64": {
      "version": "0.17.2",
      "resolved": "https://registry.npmjs.org/@esbuild/sunos-x64/-/sunos-x64-0.17.2.tgz",
      "integrity": "sha512-WAyg4dBTUsAPJ9cRnuQ23cwJWYRhP4e4y0M/l2+EpRjWW+g1MNAXKQQNNhRQ71zc8UixRVrqj+43ReHeZC8mJQ==",
      "cpu": [
        "x64"
      ],
      "optional": true,
      "os": [
        "sunos"
      ],
      "engines": {
        "node": ">=12"
      }
    },
    "node_modules/@esbuild/win32-arm64": {
      "version": "0.17.2",
      "resolved": "https://registry.npmjs.org/@esbuild/win32-arm64/-/win32-arm64-0.17.2.tgz",
      "integrity": "sha512-rMbO3gPpxuENd+AnZLgo4J/g+BkwxT3NK7nYpSZ0KlYtSdlxYMIMG5pznX7a1ISZKo67aGStne+K41jdkBywpA==",
      "cpu": [
        "arm64"
      ],
      "optional": true,
      "os": [
        "win32"
      ],
      "engines": {
        "node": ">=12"
      }
    },
    "node_modules/@esbuild/win32-ia32": {
      "version": "0.17.2",
      "resolved": "https://registry.npmjs.org/@esbuild/win32-ia32/-/win32-ia32-0.17.2.tgz",
      "integrity": "sha512-73dWKDMhFk+4owS19OjEVbEDGFPRS1fyga3qOu5HPd5eTxJTjtlVTT/fG/S7AchA0vXS7hOqY70AAir1CkmICg==",
      "cpu": [
        "ia32"
      ],
      "optional": true,
      "os": [
        "win32"
      ],
      "engines": {
        "node": ">=12"
      }
    },
    "node_modules/@esbuild/win32-x64": {
      "version": "0.17.2",
      "resolved": "https://registry.npmjs.org/@esbuild/win32-x64/-/win32-x64-0.17.2.tgz",
      "integrity": "sha512-QFJlhf73HCBjTqAWWSIlD8JQBtmue0Dd6UV+KGccycJ3HKj1dCkXdRKJGwc5bZWiI9hrxcWsVEa1kVFaltC4vQ==",
      "cpu": [
        "x64"
      ],
      "optional": true,
      "os": [
        "win32"
      ],
      "engines": {
        "node": ">=12"
      }
    },
    "node_modules/@lazyedge/adapters": {
      "resolved": "adapters",
      "link": true
    },
    "node_modules/@lazyedge/cli": {
      "resolved": "apps/cli",
      "link": true
    },
    "node_modules/@lazyedge/runtimes": {
      "resolved": "runtimes",
      "link": true
    },
    "node_modules/@lazyedge/types": {
      "resolved": "types",
      "link": true
    },
    "node_modules/@types/node": {
      "version": "18.11.18",
      "resolved": "https://registry.npmjs.org/@types/node/-/node-18.11.18.tgz",
      "integrity": "sha512-DHQpWGjyQKSHj3ebjFI/wRKcqQcdR+MoFBygntYOZytCqNfkd2ZC4ARDJ2DQqhjH5p85Nnd3jhUJIXrszFX/JA==",
      "dev": true
    },
    "node_modules/esbuild": {
      "version": "0.17.2",
      "resolved": "https://registry.npmjs.org/esbuild/-/esbuild-0.17.2.tgz",
      "integrity": "sha512-odaHSgtYafOXt2nSISwdWlfRkb4ceMX3akY1mWspQpT08jsqVYEK1XtVusr250Rmbx8AVNWjMPI/yyvKqxOKMw==",
      "hasInstallScript": true,
      "bin": {
        "esbuild": "bin/esbuild"
      },
      "engines": {
        "node": ">=12"
      },
      "optionalDependencies": {
        "@esbuild/android-arm": "0.17.2",
        "@esbuild/android-arm64": "0.17.2",
        "@esbuild/android-x64": "0.17.2",
        "@esbuild/darwin-arm64": "0.17.2",
        "@esbuild/darwin-x64": "0.17.2",
        "@esbuild/freebsd-arm64": "0.17.2",
        "@esbuild/freebsd-x64": "0.17.2",
        "@esbuild/linux-arm": "0.17.2",
        "@esbuild/linux-arm64": "0.17.2",
        "@esbuild/linux-ia32": "0.17.2",
        "@esbuild/linux-loong64": "0.17.2",
        "@esbuild/linux-mips64el": "0.17.2",
        "@esbuild/linux-ppc64": "0.17.2",
        "@esbuild/linux-riscv64": "0.17.2",
        "@esbuild/linux-s390x": "0.17.2",
        "@esbuild/linux-x64": "0.17.2",
        "@esbuild/netbsd-x64": "0.17.2",
        "@esbuild/openbsd-x64": "0.17.2",
        "@esbuild/sunos-x64": "0.17.2",
        "@esbuild/win32-arm64": "0.17.2",
        "@esbuild/win32-ia32": "0.17.2",
        "@esbuild/win32-x64": "0.17.2"
      }
    },
    "node_modules/typescript": {
      "version": "4.9.4",
      "resolved": "https://registry.npmjs.org/typescript/-/typescript-4.9.4.tgz",
      "integrity": "sha512-Uz+dTXYzxXXbsFpM86Wh3dKCxrQqUcVMxwU54orwlJjOpO3ao8L7j5lH+dWfTwgCwIuM9GQ2kvVotzYJMXTBZg==",
      "dev": true,
      "bin": {
        "tsc": "bin/tsc",
        "tsserver": "bin/tsserver"
      },
      "engines": {
        "node": ">=4.2.0"
      }
    },
    "runtimes": {
      "name": "@lazyedge/runtimes",
      "version": "1.0.0",
      "license": "ISC",
      "dependencies": {
        "esbuild": "^0.17.2"
      },
      "devDependencies": {
        "@types/node": "^18.11.18",
        "typescript": "^4.9.4"
      }
    },
    "types": {
      "name": "@lazyedge/types",
      "version": "1.0.0",
      "license": "ISC"
    }
  }
}
